
Microsoft Visual Studio Solution File, Format Version 12.00
# Visual Studio Version 17
VisualStudioVersion = 17.6.33723.286
MinimumVisualStudioVersion = 10.0.40219.1
Project("{FAE04EC0-301F-11D3-BF4B-00C04F79EFBC}") = "WebApplication2", "WebApplication2.csproj", "{7EDD76DE-D1DA-4454-B15F-9DE94D7C30BA}"
EndProject
Project("{FAE04EC0-301F-11D3-BF4B-00C04F79EFBC}") = "TestProject1", "..\TestProject1\TestProject1.csproj", "{DE03F4AA-7BB4-4BA3-9076-81B97C9BE1F7}"
EndProject
Global
	GlobalSection(SolutionConfigurationPlatforms) = preSolution
		Debug|Any CPU = Debug|Any CPU
		Release|Any CPU = Release|Any CPU
	EndGlobalSection
	GlobalSection(ProjectConfigurationPlatforms) = postSolution
		{7EDD76DE-D1DA-4454-B15F-9DE94D7C30BA}.Debug|Any CPU.ActiveCfg = Debug|Any CPU
		{7EDD76DE-D1DA-4454-B15F-9DE94D7C30BA}.Debug|Any CPU.Build.0 = Debug|Any CPU
		{7EDD76DE-D1DA-4454-B15F-9DE94D7C30BA}.Release|Any CPU.ActiveCfg = Release|Any CPU
		{7EDD76DE-D1DA-4454-B15F-9DE94D7C30BA}.Release|Any CPU.Build.0 = Release|Any CPU
		{DE03F4AA-7BB4-4BA3-9076-81B97C9BE1F7}.Debug|Any CPU.ActiveCfg = Debug|Any CPU
		{DE03F4AA-7BB4-4BA3-9076-81B97C9BE1F7}.Debug|Any CPU.Build.0 = Debug|Any CPU
		{DE03F4AA-7BB4-4BA3-9076-81B97C9BE1F7}.Release|Any CPU.ActiveCfg = Release|Any CPU
		{DE03F4AA-7BB4-4BA3-9076-81B97C9BE1F7}.Release|Any CPU.Build.0 = Release|Any CPU
	EndGlobalSection
	GlobalSection(SolutionProperties) = preSolution
		HideSolutionNode = FALSE
	EndGlobalSection
	GlobalSection(ExtensibilityGlobals) = postSolution
		SolutionGuid = {90180C77-80CA-42FD-ADEA-913D436FEF99}
	EndGlobalSection
EndGlobal
